// !$*UTF8*$!
{
 archiveVersion = 1;
 classes = {};
 objectVersion = 56;
 objects = {
  A8EE4E4490AE8D101C40495D = { "isa" = "PBXFileReference"; "lastKnownFileType" = "sourcecode.swift"; "path" = "T7SuiteApp.swift"; "sourceTree" = "<group>"; };
  8B0BCFA84F0B4D7A4FED1C61 = { "isa" = "PBXBuildFile"; "fileRef" = A8EE4E4490AE8D101C40495D; };
  ACDD57C210C7859BF5986A8C = { "isa" = "PBXFileReference"; "lastKnownFileType" = "sourcecode.swift"; "path" = "RootView.swift"; "sourceTree" = "<group>"; };
  37F5C102D018F8A7682F0AF9 = { "isa" = "PBXBuildFile"; "fileRef" = ACDD57C210C7859BF5986A8C; };
  A9D8B91812316D68AAC1CDB2 = { "isa" = "PBXFileReference"; "lastKnownFileType" = "sourcecode.swift"; "path" = "AnalysisViews.swift"; "sourceTree" = "<group>"; };
  EF9ECE2CEE374FF0C9030233 = { "isa" = "PBXBuildFile"; "fileRef" = A9D8B91812316D68AAC1CDB2; };
  B67F9BD471D10622907A4642 = { "isa" = "PBXFileReference"; "lastKnownFileType" = "sourcecode.swift"; "path" = "T7SuiteUITests.swift"; "sourceTree" = "<group>"; };
  7CE896EF53787B2394F4D5DD = { "isa" = "PBXBuildFile"; "fileRef" = B67F9BD471D10622907A4642; };
  C2B6AF95E5FB6AF04547C8EA = { "isa" = "PBXFileReference"; "explicitFileType" = "wrapper.application"; "includeInIndex" = 0; "path" = "T7Suite.app"; "sourceTree" = "BUILT_PRODUCTS_DIR"; };
  77EB3AD38D803EC3C3DF9309 = { "isa" = "PBXFileReference"; "explicitFileType" = "wrapper.cfbundle"; "includeInIndex" = 0; "path" = "T7SuiteUITests.xctest"; "sourceTree" = "BUILT_PRODUCTS_DIR"; };
  2EB2D8158FC6EF9EB19CB439 = { "isa" = "PBXGroup"; "children" = ( 29C4C0CA54B82622B558434D, 788492B1BB25053FB57A79AB, 1E78B559816E575FC0BDB29C, ); "sourceTree" = "<group>"; };
  29C4C0CA54B82622B558434D = { "isa" = "PBXGroup"; "children" = ( A8EE4E4490AE8D101C40495D, ACDD57C210C7859BF5986A8C, A9D8B91812316D68AAC1CDB2, ); "path" = "iOS"; "sourceTree" = "<group>"; };
  788492B1BB25053FB57A79AB = { "isa" = "PBXGroup"; "children" = ( B67F9BD471D10622907A4642, ); "path" = "UITests"; "sourceTree" = "<group>"; };
  1E78B559816E575FC0BDB29C = { "isa" = "PBXGroup"; "children" = ( C2B6AF95E5FB6AF04547C8EA, 77EB3AD38D803EC3C3DF9309, ); "name" = "Products"; "sourceTree" = "<group>"; };
  7431E3DF243C5BE33CFFA0B2 = { "isa" = "XCLocalSwiftPackageReference"; "relativePath" = "."; };
  C63404DE3D32545D40D6BF56 = { "isa" = "XCSwiftPackageProductDependency"; "productName" = "T7Core"; };
  57725CDA03D140AC16E11B84 = { "isa" = "PBXBuildFile"; "productRef" = C63404DE3D32545D40D6BF56; };
  6805EC6AFDAFDBE18E2FF355 = { "isa" = "PBXSourcesBuildPhase"; "buildActionMask" = 2147483647; "files" = ( 8B0BCFA84F0B4D7A4FED1C61, 37F5C102D018F8A7682F0AF9, EF9ECE2CEE374FF0C9030233, ); "runOnlyForDeploymentPostprocessing" = 0; };
  0F91A57B11B30F1A7980649D = { "isa" = "PBXFrameworksBuildPhase"; "buildActionMask" = 2147483647; "files" = ( 57725CDA03D140AC16E11B84, ); "runOnlyForDeploymentPostprocessing" = 0; };
  2AC7AB26953A78AD46B49603 = { "isa" = "PBXResourcesBuildPhase"; "buildActionMask" = 2147483647; "files" = (); "runOnlyForDeploymentPostprocessing" = 0; };
  87AA925F24AC656A8AAB80A9 = { "isa" = "PBXSourcesBuildPhase"; "buildActionMask" = 2147483647; "files" = ( 7CE896EF53787B2394F4D5DD, ); "runOnlyForDeploymentPostprocessing" = 0; };
  D6C04E321AC1AC815067AD02 = { "isa" = "PBXFrameworksBuildPhase"; "buildActionMask" = 2147483647; "files" = (); "runOnlyForDeploymentPostprocessing" = 0; };
  2FD82F28117CA43F2CCC2350 = { "isa" = "PBXResourcesBuildPhase"; "buildActionMask" = 2147483647; "files" = (); "runOnlyForDeploymentPostprocessing" = 0; };
  858D0932EEACC1122B4B1EF1 = { "isa" = "PBXContainerItemProxy"; "containerPortal" = F6F4DA8D93E88A08220E03B7; "proxyType" = 1; "remoteGlobalIDString" = 0352A6A2FCE048894C87B37E; "remoteInfo" = "T7Suite"; };
  8BC62B80562684797FDF3D7A = { "isa" = "PBXTargetDependency"; "target" = 0352A6A2FCE048894C87B37E; "targetProxy" = 858D0932EEACC1122B4B1EF1; };
  0352A6A2FCE048894C87B37E = { "isa" = "PBXNativeTarget"; "buildConfigurationList" = E74637B165740ECB46DC56F6; "buildPhases" = ( 6805EC6AFDAFDBE18E2FF355, 0F91A57B11B30F1A7980649D, 2AC7AB26953A78AD46B49603, ); "buildRules" = (); "dependencies" = (); "name" = "T7Suite"; "packageProductDependencies" = ( C63404DE3D32545D40D6BF56, ); "productName" = "T7Suite"; "productReference" = C2B6AF95E5FB6AF04547C8EA; "productType" = "com.apple.product-type.application"; };
  C24B2138018A654E3D8BE775 = { "isa" = "PBXNativeTarget"; "buildConfigurationList" = 70878706071CBCCBE5138403; "buildPhases" = ( 87AA925F24AC656A8AAB80A9, D6C04E321AC1AC815067AD02, 2FD82F28117CA43F2CCC2350, ); "buildRules" = (); "dependencies" = ( 8BC62B80562684797FDF3D7A, ); "name" = "T7SuiteUITests"; "productName" = "T7SuiteUITests"; "productReference" = 77EB3AD38D803EC3C3DF9309; "productType" = "com.apple.product-type.bundle.ui-testing"; };
  BFD315016DE16320F7E2120C = { "isa" = "XCBuildConfiguration"; "buildSettings" = { "CLANG_ENABLE_MODULES" = "YES"; "CLANG_ENABLE_OBJC_ARC" = "YES"; "SWIFT_VERSION" = "6.0"; "IPHONEOS_DEPLOYMENT_TARGET" = "17.0"; "SDKROOT" = "iphoneos"; "ENABLE_USER_SCRIPT_SANDBOXING" = "YES"; "ONLY_ACTIVE_ARCH" = "YES"; "SWIFT_OPTIMIZATION_LEVEL" = "-Onone"; "DEBUG_INFORMATION_FORMAT" = "dwarf"; "ENABLE_TESTABILITY" = "YES"; "SWIFT_ACTIVE_COMPILATION_CONDITIONS" = "DEBUG $(inherited)"; }; "name" = "Debug"; };
  1D8C0C6B1D22EA8C7669B263 = { "isa" = "XCBuildConfiguration"; "buildSettings" = { "CLANG_ENABLE_MODULES" = "YES"; "CLANG_ENABLE_OBJC_ARC" = "YES"; "SWIFT_VERSION" = "6.0"; "IPHONEOS_DEPLOYMENT_TARGET" = "17.0"; "SDKROOT" = "iphoneos"; "ENABLE_USER_SCRIPT_SANDBOXING" = "YES"; "ONLY_ACTIVE_ARCH" = "NO"; "SWIFT_OPTIMIZATION_LEVEL" = "-O"; "DEBUG_INFORMATION_FORMAT" = "dwarf-with-dsym"; "ENABLE_TESTABILITY" = "NO"; "SWIFT_ACTIVE_COMPILATION_CONDITIONS" = "$(inherited)"; }; "name" = "Release"; };
  314425BAD361EE8153704C56 = { "isa" = "XCConfigurationList"; "buildConfigurations" = ( BFD315016DE16320F7E2120C, 1D8C0C6B1D22EA8C7669B263, ); "defaultConfigurationIsVisible" = 0; "defaultConfigurationName" = "Release"; };
  3A77CD648711364E9A877D62 = { "isa" = "XCBuildConfiguration"; "buildSettings" = { "PRODUCT_NAME" = "$(TARGET_NAME)"; "PRODUCT_BUNDLE_IDENTIFIER" = "se.engdahl.T7suiteIOS"; "GENERATE_INFOPLIST_FILE" = "YES"; "INFOPLIST_KEY_CFBundleDisplayName" = "T7Suite"; "INFOPLIST_KEY_LSRequiresIPhoneOS" = "YES"; "INFOPLIST_KEY_UIApplicationSceneManifest_Generation" = "YES"; "INFOPLIST_KEY_UILaunchScreen_Generation" = "YES"; "INFOPLIST_KEY_UISupportedInterfaceOrientations" = "UIInterfaceOrientationPortrait UIInterfaceOrientationLandscapeLeft UIInterfaceOrientationLandscapeRight"; "TARGETED_DEVICE_FAMILY" = "1"; "SUPPORTED_PLATFORMS" = "iphoneos iphonesimulator"; "SUPPORTS_MACCATALYST" = "NO"; "CODE_SIGN_STYLE" = "Automatic"; "CURRENT_PROJECT_VERSION" = "1"; "MARKETING_VERSION" = "0.1.0"; "SWIFT_EMIT_LOC_STRINGS" = "YES"; }; "name" = "Debug"; };
  066776A1C212750E8BE506A2 = { "isa" = "XCBuildConfiguration"; "buildSettings" = { "PRODUCT_NAME" = "$(TARGET_NAME)"; "PRODUCT_BUNDLE_IDENTIFIER" = "se.engdahl.T7suiteIOS"; "GENERATE_INFOPLIST_FILE" = "YES"; "INFOPLIST_KEY_CFBundleDisplayName" = "T7Suite"; "INFOPLIST_KEY_LSRequiresIPhoneOS" = "YES"; "INFOPLIST_KEY_UIApplicationSceneManifest_Generation" = "YES"; "INFOPLIST_KEY_UILaunchScreen_Generation" = "YES"; "INFOPLIST_KEY_UISupportedInterfaceOrientations" = "UIInterfaceOrientationPortrait UIInterfaceOrientationLandscapeLeft UIInterfaceOrientationLandscapeRight"; "TARGETED_DEVICE_FAMILY" = "1"; "SUPPORTED_PLATFORMS" = "iphoneos iphonesimulator"; "SUPPORTS_MACCATALYST" = "NO"; "CODE_SIGN_STYLE" = "Automatic"; "CURRENT_PROJECT_VERSION" = "1"; "MARKETING_VERSION" = "0.1.0"; "SWIFT_EMIT_LOC_STRINGS" = "YES"; }; "name" = "Release"; };
  E74637B165740ECB46DC56F6 = { "isa" = "XCConfigurationList"; "buildConfigurations" = ( 3A77CD648711364E9A877D62, 066776A1C212750E8BE506A2, ); "defaultConfigurationIsVisible" = 0; "defaultConfigurationName" = "Release"; };
  7BD7682982285BB9BBB9EA6A = { "isa" = "XCBuildConfiguration"; "buildSettings" = { "PRODUCT_NAME" = "$(TARGET_NAME)"; "PRODUCT_BUNDLE_IDENTIFIER" = "se.engdahl.T7suiteIOS.UITests"; "GENERATE_INFOPLIST_FILE" = "YES"; "TARGETED_DEVICE_FAMILY" = "1"; "SUPPORTED_PLATFORMS" = "iphoneos iphonesimulator"; "CODE_SIGN_STYLE" = "Automatic"; "TEST_TARGET_NAME" = "T7Suite"; }; "name" = "Debug"; };
  EE6A2E9A9B1D3B003A794EA3 = { "isa" = "XCBuildConfiguration"; "buildSettings" = { "PRODUCT_NAME" = "$(TARGET_NAME)"; "PRODUCT_BUNDLE_IDENTIFIER" = "se.engdahl.T7suiteIOS.UITests"; "GENERATE_INFOPLIST_FILE" = "YES"; "TARGETED_DEVICE_FAMILY" = "1"; "SUPPORTED_PLATFORMS" = "iphoneos iphonesimulator"; "CODE_SIGN_STYLE" = "Automatic"; "TEST_TARGET_NAME" = "T7Suite"; }; "name" = "Release"; };
  70878706071CBCCBE5138403 = { "isa" = "XCConfigurationList"; "buildConfigurations" = ( 7BD7682982285BB9BBB9EA6A, EE6A2E9A9B1D3B003A794EA3, ); "defaultConfigurationIsVisible" = 0; "defaultConfigurationName" = "Release"; };
  F6F4DA8D93E88A08220E03B7 = { "isa" = "PBXProject"; "attributes" = { "BuildIndependentTargetsInParallel" = "YES"; "LastUpgradeCheck" = "1600"; "TargetAttributes" = { "0352A6A2FCE048894C87B37E" = { "CreatedOnToolsVersion" = "16.0"; }; "C24B2138018A654E3D8BE775" = { "CreatedOnToolsVersion" = "16.0"; "TestTargetID" = 0352A6A2FCE048894C87B37E; }; }; }; "buildConfigurationList" = 314425BAD361EE8153704C56; "compatibilityVersion" = "Xcode 14.0"; "developmentRegion" = "sv"; "hasScannedForEncodings" = 0; "knownRegions" = ( "sv", "en", "Base", ); "mainGroup" = 2EB2D8158FC6EF9EB19CB439; "packageReferences" = ( 7431E3DF243C5BE33CFFA0B2, ); "productRefGroup" = 1E78B559816E575FC0BDB29C; "projectDirPath" = ""; "projectRoot" = ""; "targets" = ( 0352A6A2FCE048894C87B37E, C24B2138018A654E3D8BE775, ); };
 };
 rootObject = F6F4DA8D93E88A08220E03B7;
}
